
Microsoft Visual Studio Solution File, Format Version 12.00
# Visual Studio Version 16
VisualStudioVersion = 16.0.30204.135
MinimumVisualStudioVersion = 10.0.40219.1
Project("{FAE04EC0-301F-11D3-BF4B-00C04F79EFBC}") = "CustomerNotification.API", "CustomerNotification.API\CustomerNotification.API.csproj", "{4F3D8FB3-D63A-4FCC-8F63-F8CD3D19F754}"
EndProject
Project("{FAE04EC0-301F-11D3-BF4B-00C04F79EFBC}") = "CustomerNotificaton.Services", "CustomerNotificaton.Services\CustomerNotificaton.Services.csproj", "{26DC9299-172E-4E2A-AE59-B76CFD0FCEE2}"
EndProject
Global
	GlobalSection(SolutionConfigurationPlatforms) = preSolution
		Debug|Any CPU = Debug|Any CPU
		Release|Any CPU = Release|Any CPU
	EndGlobalSection
	GlobalSection(ProjectConfigurationPlatforms) = postSolution
		{4F3D8FB3-D63A-4FCC-8F63-F8CD3D19F754}.Debug|Any CPU.ActiveCfg = Debug|Any CPU
		{4F3D8FB3-D63A-4FCC-8F63-F8CD3D19F754}.Debug|Any CPU.Build.0 = Debug|Any CPU
		{4F3D8FB3-D63A-4FCC-8F63-F8CD3D19F754}.Release|Any CPU.ActiveCfg = Release|Any CPU
		{4F3D8FB3-D63A-4FCC-8F63-F8CD3D19F754}.Release|Any CPU.Build.0 = Release|Any CPU
		{26DC9299-172E-4E2A-AE59-B76CFD0FCEE2}.Debug|Any CPU.ActiveCfg = Debug|Any CPU
		{26DC9299-172E-4E2A-AE59-B76CFD0FCEE2}.Debug|Any CPU.Build.0 = Debug|Any CPU
		{26DC9299-172E-4E2A-AE59-B76CFD0FCEE2}.Release|Any CPU.ActiveCfg = Release|Any CPU
		{26DC9299-172E-4E2A-AE59-B76CFD0FCEE2}.Release|Any CPU.Build.0 = Release|Any CPU
	EndGlobalSection
	GlobalSection(SolutionProperties) = preSolution
		HideSolutionNode = FALSE
	EndGlobalSection
	GlobalSection(ExtensibilityGlobals) = postSolution
		SolutionGuid = {A1890F09-669F-423C-B53F-129ACF06A1B5}
	EndGlobalSection
EndGlobal
